// !$*UTF8*$!
{
	archiveVersion = 1;
	classes = {
	};
	objectVersion = 77;
	objects = {

/* Begin PBXBuildFile section */
		D51B44E32DC496B7000DDA08 /* LibWhisper.swift in Sources */ = {isa = PBXBuildFile; fileRef = D51B44E02DC496B7000DDA08 /* LibWhisper.swift */; };
		D51B44E92DC4972F000DDA08 /* whisper in Frameworks */ = {isa = PBXBuildFile; productRef = D51B44E82DC4972F000DDA08 /* whisper */; };
/* End PBXBuildFile section */

/* Begin PBXContainerItemProxy section */
		D51B44BE2DC49629000DDA08 /* PBXContainerItemProxy */ = {
			isa = PBXContainerItemProxy;
			containerPortal = D51B44A72DC49627000DDA08 /* Project object */;
			proxyType = 1;
			remoteGlobalIDString = D51B44AE2DC49627000DDA08;
			remoteInfo = WhisperTranscribe;
		};
		D51B44C82DC49629000DDA08 /* PBXContainerItemProxy */ = {
			isa = PBXContainerItemProxy;
			containerPortal = D51B44A72DC49627000DDA08 /* Project object */;
			proxyType = 1;
			remoteGlobalIDString = D51B44AE2DC49627000DDA08;
			remoteInfo = WhisperTranscribe;
		};
/* End PBXContainerItemProxy section */

/* Begin PBXFileReference section */
		D51B44AF2DC49627000DDA08 /* WhisperTranscribe.app */ = {isa = PBXFileReference; explicitFileType = wrapper.application; includeInIndex = 0; path = WhisperTranscribe.app; sourceTree = BUILT_PRODUCTS_DIR; };
		D51B44BD2DC49629000DDA08 /* WhisperTranscribeTests.xctest */ = {isa = PBXFileReference; explicitFileType = wrapper.cfbundle; includeInIndex = 0; path = WhisperTranscribeTests.xctest; sourceTree = BUILT_PRODUCTS_DIR; };
		D51B44C72DC49629000DDA08 /* WhisperTranscribeUITests.xctest */ = {isa = PBXFileReference; explicitFileType = wrapper.cfbundle; includeInIndex = 0; path = WhisperTranscribeUITests.xctest; sourceTree = BUILT_PRODUCTS_DIR; };
		D51B44E02DC496B7000DDA08 /* LibWhisper.swift */ = {isa = PBXFileReference; lastKnownFileType = sourcecode.swift; path = LibWhisper.swift; sourceTree = "<group>"; };
		D51B44E62DC49724000DDA08 /* whisper 2.cpp */ = {isa = PBXFileReference; lastKnownFileType = wrapper; path = "whisper 2.cpp"; sourceTree = "<group>"; };
/* End PBXFileReference section */

/* Begin PBXFileSystemSynchronizedRootGroup section */
		D51B44B12DC49627000DDA08 /* WhisperTranscribe */ = {
			isa = PBXFileSystemSynchronizedRootGroup;
			path = WhisperTranscribe;
			sourceTree = "<group>";
		};
		D51B44C02DC49629000DDA08 /* WhisperTranscribeTests */ = {
			isa = PBXFileSystemSynchronizedRootGroup;
			path = WhisperTranscribeTests;
			sourceTree = "<group>";
		};
		D51B44CA2DC49629000DDA08 /* WhisperTranscribeUITests */ = {
			isa = PBXFileSystemSynchronizedRootGroup;
			path = WhisperTranscribeUITests;
			sourceTree = "<group>";
		};
/* End PBXFileSystemSynchronizedRootGroup section */

/* Begin PBXFrameworksBuildPhase section */
		D51B44AC2DC49627000DDA08 /* Frameworks */ = {
			isa = PBXFrameworksBuildPhase;
			buildActionMask = 2147483647;
			files = (
				D51B44E92DC4972F000DDA08 /* whisper in Frameworks */,
			);
			runOnlyForDeploymentPostprocessing = 0;
		};
		D51B44BA2DC49629000DDA08 /* Frameworks */ = {
			isa = PBXFrameworksBuildPhase;
			buildActionMask = 2147483647;
			files = (
			);
			runOnlyForDeploymentPostprocessing = 0;
		};
		D51B44C42DC49629000DDA08 /* Frameworks */ = {
			isa = PBXFrameworksBuildPhase;
			buildActionMask = 2147483647;
			files = (
			);
			runOnlyForDeploymentPostprocessing = 0;
		};
/* End PBXFrameworksBuildPhase section */

/* Begin PBXGroup section */
		D51B44A62DC49627000DDA08 = {
			isa = PBXGroup;
			children = (
				D51B44B12DC49627000DDA08 /* WhisperTranscribe */,
				D51B44C02DC49629000DDA08 /* WhisperTranscribeTests */,
				D51B44CA2DC49629000DDA08 /* WhisperTranscribeUITests */,
				D51B44B02DC49627000DDA08 /* Products */,
				D51B44E12DC496B7000DDA08 /* whisper.cpp.swift */,
				D51B44E62DC49724000DDA08 /* whisper 2.cpp */,
				D51B44E72DC4972F000DDA08 /* Frameworks */,
			);
			sourceTree = "<group>";
		};
		D51B44B02DC49627000DDA08 /* Products */ = {
			isa = PBXGroup;
			children = (
				D51B44AF2DC49627000DDA08 /* WhisperTranscribe.app */,
				D51B44BD2DC49629000DDA08 /* WhisperTranscribeTests.xctest */,
				D51B44C72DC49629000DDA08 /* WhisperTranscribeUITests.xctest */,
			);
			name = Products;
			sourceTree = "<group>";
		};
		D51B44E12DC496B7000DDA08 /* whisper.cpp.swift */ = {
			isa = PBXGroup;
			children = (
				D51B44E02DC496B7000DDA08 /* LibWhisper.swift */,
			);
			path = whisper.cpp.swift;
			sourceTree = "<group>";
		};
		D51B44E72DC4972F000DDA08 /* Frameworks */ = {
			isa = PBXGroup;
			children = (
			);
			name = Frameworks;
			sourceTree = "<group>";
		};
/* End PBXGroup section */

/* Begin PBXNativeTarget section */
		D51B44AE2DC49627000DDA08 /* WhisperTranscribe */ = {
			isa = PBXNativeTarget;
			buildConfigurationList = D51B44D12DC49629000DDA08 /* Build configuration list for PBXNativeTarget "WhisperTranscribe" */;
			buildPhases = (
				D51B44AB2DC49627000DDA08 /* Sources */,
				D51B44AC2DC49627000DDA08 /* Frameworks */,
				D51B44AD2DC49627000DDA08 /* Resources */,
			);
			buildRules = (
			);
			dependencies = (
			);
			fileSystemSynchronizedGroups = (
				D51B44B12DC49627000DDA08 /* WhisperTranscribe */,
			);
			name = WhisperTranscribe;
			packageProductDependencies = (
				D51B44E82DC4972F000DDA08 /* whisper */,
			);
			productName = WhisperTranscribe;
			productReference = D51B44AF2DC49627000DDA08 /* WhisperTranscribe.app */;
			productType = "com.apple.product-type.application";
		};
		D51B44BC2DC49629000DDA08 /* WhisperTranscribeTests */ = {
			isa = PBXNativeTarget;
			buildConfigurationList = D51B44D42DC49629000DDA08 /* Build configuration list for PBXNativeTarget "WhisperTranscribeTests" */;
			buildPhases = (
				D51B44B92DC49629000DDA08 /* Sources */,
				D51B44BA2DC49629000DDA08 /* Frameworks */,
				D51B44BB2DC49629000DDA08 /* Resources */,
			);
			buildRules = (
			);
			dependencies = (
				D51B44BF2DC49629000DDA08 /* PBXTargetDependency */,
			);
			fileSystemSynchronizedGroups = (
				D51B44C02DC49629000DDA08 /* WhisperTranscribeTests */,
			);
			name = WhisperTranscribeTests;
			packageProductDependencies = (
			);
			productName = WhisperTranscribeTests;
			productReference = D51B44BD2DC49629000DDA08 /* WhisperTranscribeTests.xctest */;
			productType = "com.apple.product-type.bundle.unit-test";
		};
		D51B44C62DC49629000DDA08 /* WhisperTranscribeUITests */ = {
			isa = PBXNativeTarget;
			buildConfigurationList = D51B44D72DC49629000DDA08 /* Build configuration list for PBXNativeTarget "WhisperTranscribeUITests" */;
			buildPhases = (
				D51B44C32DC49629000DDA08 /* Sources */,
				D51B44C42DC49629000DDA08 /* Frameworks */,
				D51B44C52DC49629000DDA08 /* Resources */,
			);
			buildRules = (
			);
			dependencies = (
				D51B44C92DC49629000DDA08 /* PBXTargetDependency */,
			);
			fileSystemSynchronizedGroups = (
				D51B44CA2DC49629000DDA08 /* WhisperTranscribeUITests */,
			);
			name = WhisperTranscribeUITests;
			packageProductDependencies = (
			);
			productName = WhisperTranscribeUITests;
			productReference = D51B44C72DC49629000DDA08 /* WhisperTranscribeUITests.xctest */;
			productType = "com.apple.product-type.bundle.ui-testing";
		};
/* End PBXNativeTarget section */

/* Begin PBXProject section */
		D51B44A72DC49627000DDA08 /* Project object */ = {
			isa = PBXProject;
			attributes = {
				BuildIndependentTargetsInParallel = 1;
				LastSwiftUpdateCheck = 1630;
				LastUpgradeCheck = 1630;
				TargetAttributes = {
					D51B44AE2DC49627000DDA08 = {
						CreatedOnToolsVersion = 16.3;
					};
					D51B44BC2DC49629000DDA08 = {
						CreatedOnToolsVersion = 16.3;
						TestTargetID = D51B44AE2DC49627000DDA08;
					};
					D51B44C62DC49629000DDA08 = {
						CreatedOnToolsVersion = 16.3;
						TestTargetID = D51B44AE2DC49627000DDA08;
					};
				};
			};
			buildConfigurationList = D51B44AA2DC49627000DDA08 /* Build configuration list for PBXProject "WhisperTranscribe" */;
			developmentRegion = en;
			hasScannedForEncodings = 0;
			knownRegions = (
				en,
				Base,
			);
			mainGroup = D51B44A62DC49627000DDA08;
			minimizedProjectReferenceProxies = 1;
			preferredProjectObjectVersion = 77;
			productRefGroup = D51B44B02DC49627000DDA08 /* Products */;
			projectDirPath = "";
			projectRoot = "";
			targets = (
				D51B44AE2DC49627000DDA08 /* WhisperTranscribe */,
				D51B44BC2DC49629000DDA08 /* WhisperTranscribeTests */,
				D51B44C62DC49629000DDA08 /* WhisperTranscribeUITests */,
			);
		};
/* End PBXProject section */

/* Begin PBXResourcesBuildPhase section */
		D51B44AD2DC49627000DDA08 /* Resources */ = {
			isa = PBXResourcesBuildPhase;
			buildActionMask = 2147483647;
			files = (
			);
			runOnlyForDeploymentPostprocessing = 0;
		};
		D51B44BB2DC49629000DDA08 /* Resources */ = {
			isa = PBXResourcesBuildPhase;
			buildActionMask = 2147483647;
			files = (
			);
			runOnlyForDeploymentPostprocessing = 0;
		};
		D51B44C52DC49629000DDA08 /* Resources */ = {
			isa = PBXResourcesBuildPhase;
			buildActionMask = 2147483647;
			files = (
			);
			runOnlyForDeploymentPostprocessing = 0;
		};
/* End PBXResourcesBuildPhase section */

/* Begin PBXSourcesBuildPhase section */
		D51B44AB2DC49627000DDA08 /* Sources */ = {
			isa = PBXSourcesBuildPhase;
			buildActionMask = 2147483647;
			files = (
				D51B44E32DC496B7000DDA08 /* LibWhisper.swift in Sources */,
			);
			runOnlyForDeploymentPostprocessing = 0;
		};
		D51B44B92DC49629000DDA08 /* Sources */ = {
			isa = PBXSourcesBuildPhase;
			buildActionMask = 2147483647;
			files = (
			);
			runOnlyForDeploymentPostprocessing = 0;
		};
		D51B44C32DC49629000DDA08 /* Sources */ = {
			isa = PBXSourcesBuildPhase;
			buildActionMask = 2147483647;
			files = (
			);
			runOnlyForDeploymentPostprocessing = 0;
		};
/* End PBXSourcesBuildPhase section */

/* Begin PBXTargetDependency section */
		D51B44BF2DC49629000DDA08 /* PBXTargetDependency */ = {
			isa = PBXTargetDependency;
			target = D51B44AE2DC49627000DDA08 /* WhisperTranscribe */;
			targetProxy = D51B44BE2DC49629000DDA08 /* PBXContainerItemProxy */;
		};
		D51B44C92DC49629000DDA08 /* PBXTargetDependency */ = {
			isa = PBXTargetDependency;
			target = D51B44AE2DC49627000DDA08 /* WhisperTranscribe */;
			targetProxy = D51B44C82DC49629000DDA08 /* PBXContainerItemProxy */;
		};
/* End PBXTargetDependency section */

/* Begin XCBuildConfiguration section */
		D51B44CF2DC49629000DDA08 /* Debug */ = {
			isa = XCBuildConfiguration;
			buildSettings = {
				ALWAYS_SEARCH_USER_PATHS = NO;
				ASSETCATALOG_COMPILER_GENERATE_SWIFT_ASSET_SYMBOL_EXTENSIONS = YES;
				CLANG_ANALYZER_NONNULL = YES;
				CLANG_ANALYZER_NUMBER_OBJECT_CONVERSION = YES_AGGRESSIVE;
				CLANG_CXX_LANGUAGE_STANDARD = "gnu++20";
				CLANG_ENABLE_MODULES = YES;
				CLANG_ENABLE_OBJC_ARC = YES;
				CLANG_ENABLE_OBJC_WEAK = YES;
				CLANG_WARN_BLOCK_CAPTURE_AUTORELEASING = YES;
				CLANG_WARN_BOOL_CONVERSION = YES;
				CLANG_WARN_COMMA = YES;
				CLANG_WARN_CONSTANT_CONVERSION = YES;
				CLANG_WARN_DEPRECATED_OBJC_IMPLEMENTATIONS = YES;
				CLANG_WARN_DIRECT_OBJC_ISA_USAGE = YES_ERROR;
				CLANG_WARN_DOCUMENTATION_COMMENTS = YES;
				CLANG_WARN_EMPTY_BODY = YES;
				CLANG_WARN_ENUM_CONVERSION = YES;
				CLANG_WARN_INFINITE_RECURSION = YES;
				CLANG_WARN_INT_CONVERSION = YES;
				CLANG_WARN_NON_LITERAL_NULL_CONVERSION = YES;
				CLANG_WARN_OBJC_IMPLICIT_RETAIN_SELF = YES;
				CLANG_WARN_OBJC_LITERAL_CONVERSION = YES;
				CLANG_WARN_OBJC_ROOT_CLASS = YES_ERROR;
				CLANG_WARN_QUOTED_INCLUDE_IN_FRAMEWORK_HEADER = YES;
				CLANG_WARN_RANGE_LOOP_ANALYSIS = YES;
				CLANG_WARN_STRICT_PROTOTYPES = YES;
				CLANG_WARN_SUSPICIOUS_MOVE = YES;
				CLANG_WARN_UNGUARDED_AVAILABILITY = YES_AGGRESSIVE;
				CLANG_WARN_UNREACHABLE_CODE = YES;
				CLANG_WARN__DUPLICATE_METHOD_MATCH = YES;
				COPY_PHASE_STRIP = NO;
				DEBUG_INFORMATION_FORMAT = dwarf;
				DEVELOPMENT_TEAM = NDA8779Z34;
				ENABLE_STRICT_OBJC_MSGSEND = YES;
				ENABLE_TESTABILITY = YES;
				ENABLE_USER_SCRIPT_SANDBOXING = YES;
				GCC_C_LANGUAGE_STANDARD = gnu17;
				GCC_DYNAMIC_NO_PIC = NO;
				GCC_NO_COMMON_BLOCKS = YES;
				GCC_OPTIMIZATION_LEVEL = 0;
				GCC_PREPROCESSOR_DEFINITIONS = (
					"DEBUG=1",
					"$(inherited)",
				);
				GCC_WARN_64_TO_32_BIT_CONVERSION = YES;
				GCC_WARN_ABOUT_RETURN_TYPE = YES_ERROR;
				GCC_WARN_UNDECLARED_SELECTOR = YES;
				GCC_WARN_UNINITIALIZED_AUTOS = YES_AGGRESSIVE;
				GCC_WARN_UNUSED_FUNCTION = YES;
				GCC_WARN_UNUSED_VARIABLE = YES;
				LOCALIZATION_PREFERS_STRING_CATALOGS = YES;
				MACOSX_DEPLOYMENT_TARGET = 15.3;
				MTL_ENABLE_DEBUG_INFO = INCLUDE_SOURCE;
				MTL_FAST_MATH = YES;
				ONLY_ACTIVE_ARCH = YES;
				SDKROOT = macosx;
				SWIFT_ACTIVE_COMPILATION_CONDITIONS = "DEBUG $(inherited)";
				SWIFT_OPTIMIZATION_LEVEL = "-Onone";
			};
			name = Debug;
		};
		D51B44D02DC49629000DDA08 /* Release */ = {
			isa = XCBuildConfiguration;
			buildSettings = {
				ALWAYS_SEARCH_USER_PATHS = NO;
				ASSETCATALOG_COMPILER_GENERATE_SWIFT_ASSET_SYMBOL_EXTENSIONS = YES;
				CLANG_ANALYZER_NONNULL = YES;
				CLANG_ANALYZER_NUMBER_OBJECT_CONVERSION = YES_AGGRESSIVE;
				CLANG_CXX_LANGUAGE_STANDARD = "gnu++20";
				CLANG_ENABLE_MODULES = YES;
				CLANG_ENABLE_OBJC_ARC = YES;
				CLANG_ENABLE_OBJC_WEAK = YES;
				CLANG_WARN_BLOCK_CAPTURE_AUTORELEASING = YES;
				CLANG_WARN_BOOL_CONVERSION = YES;
				CLANG_WARN_COMMA = YES;
				CLANG_WARN_CONSTANT_CONVERSION = YES;
				CLANG_WARN_DEPRECATED_OBJC_IMPLEMENTATIONS = YES;
				CLANG_WARN_DIRECT_OBJC_ISA_USAGE = YES_ERROR;
				CLANG_WARN_DOCUMENTATION_COMMENTS = YES;
				CLANG_WARN_EMPTY_BODY = YES;
				CLANG_WARN_ENUM_CONVERSION = YES;
				CLANG_WARN_INFINITE_RECURSION = YES;
				CLANG_WARN_INT_CONVERSION = YES;
				CLANG_WARN_NON_LITERAL_NULL_CONVERSION = YES;
				CLANG_WARN_OBJC_IMPLICIT_RETAIN_SELF = YES;
				CLANG_WARN_OBJC_LITERAL_CONVERSION = YES;
				CLANG_WARN_OBJC_ROOT_CLASS = YES_ERROR;
				CLANG_WARN_QUOTED_INCLUDE_IN_FRAMEWORK_HEADER = YES;
				CLANG_WARN_RANGE_LOOP_ANALYSIS = YES;
				CLANG_WARN_STRICT_PROTOTYPES = YES;
				CLANG_WARN_SUSPICIOUS_MOVE = YES;
				CLANG_WARN_UNGUARDED_AVAILABILITY = YES_AGGRESSIVE;
				CLANG_WARN_UNREACHABLE_CODE = YES;
				CLANG_WARN__DUPLICATE_METHOD_MATCH = YES;
				COPY_PHASE_STRIP = NO;
				DEBUG_INFORMATION_FORMAT = "dwarf-with-dsym";
				DEVELOPMENT_TEAM = NDA8779Z34;
				ENABLE_NS_ASSERTIONS = NO;
				ENABLE_STRICT_OBJC_MSGSEND = YES;
				ENABLE_USER_SCRIPT_SANDBOXING = YES;
				GCC_C_LANGUAGE_STANDARD = gnu17;
				GCC_NO_COMMON_BLOCKS = YES;
				GCC_WARN_64_TO_32_BIT_CONVERSION = YES;
				GCC_WARN_ABOUT_RETURN_TYPE = YES_ERROR;
				GCC_WARN_UNDECLARED_SELECTOR = YES;
				GCC_WARN_UNINITIALIZED_AUTOS = YES_AGGRESSIVE;
				GCC_WARN_UNUSED_FUNCTION = YES;
				GCC_WARN_UNUSED_VARIABLE = YES;
				LOCALIZATION_PREFERS_STRING_CATALOGS = YES;
				MACOSX_DEPLOYMENT_TARGET = 15.3;
				MTL_ENABLE_DEBUG_INFO = NO;
				MTL_FAST_MATH = YES;
				SDKROOT = macosx;
				SWIFT_COMPILATION_MODE = wholemodule;
			};
			name = Release;
		};
		D51B44D22DC49629000DDA08 /* Debug */ = {
			isa = XCBuildConfiguration;
			buildSettings = {
				ASSETCATALOG_COMPILER_APPICON_NAME = AppIcon;
				ASSETCATALOG_COMPILER_GLOBAL_ACCENT_COLOR_NAME = AccentColor;
				CODE_SIGN_ENTITLEMENTS = WhisperTranscribe/WhisperTranscribe.entitlements;
				CODE_SIGN_STYLE = Automatic;
				COMBINE_HIDPI_IMAGES = YES;
				CURRENT_PROJECT_VERSION = 1;
				DEVELOPMENT_TEAM = NDA8779Z34;
				ENABLE_HARDENED_RUNTIME = YES;
				ENABLE_PREVIEWS = YES;
				GENERATE_INFOPLIST_FILE = YES;
				INFOPLIST_KEY_NSHumanReadableCopyright = "";
				INFOPLIST_KEY_NSMicrophoneUsageDescription = "Need this for to take the live audio input from user.";
				LD_RUNPATH_SEARCH_PATHS = (
					"$(inherited)",
					"@executable_path/../Frameworks",
				);
				MARKETING_VERSION = 1.0;
				PRODUCT_BUNDLE_IDENTIFIER = com.abhishek.WhisperTranscribe;
				PRODUCT_NAME = "$(TARGET_NAME)";
				REGISTER_APP_GROUPS = YES;
				SWIFT_EMIT_LOC_STRINGS = YES;
				SWIFT_VERSION = 5.0;
			};
			name = Debug;
		};
		D51B44D32DC49629000DDA08 /* Release */ = {
			isa = XCBuildConfiguration;
			buildSettings = {
				ASSETCATALOG_COMPILER_APPICON_NAME = AppIcon;
				ASSETCATALOG_COMPILER_GLOBAL_ACCENT_COLOR_NAME = AccentColor;
				CODE_SIGN_ENTITLEMENTS = WhisperTranscribe/WhisperTranscribe.entitlements;
				CODE_SIGN_STYLE = Automatic;
				COMBINE_HIDPI_IMAGES = YES;
				CURRENT_PROJECT_VERSION = 1;
				DEVELOPMENT_TEAM = NDA8779Z34;
				ENABLE_HARDENED_RUNTIME = YES;
				ENABLE_PREVIEWS = YES;
				GENERATE_INFOPLIST_FILE = YES;
				INFOPLIST_KEY_NSHumanReadableCopyright = "";
				INFOPLIST_KEY_NSMicrophoneUsageDescription = "Need this for to take the live audio input from user.";
				LD_RUNPATH_SEARCH_PATHS = (
					"$(inherited)",
					"@executable_path/../Frameworks",
				);
				MARKETING_VERSION = 1.0;
				PRODUCT_BUNDLE_IDENTIFIER = com.abhishek.WhisperTranscribe;
				PRODUCT_NAME = "$(TARGET_NAME)";
				REGISTER_APP_GROUPS = YES;
				SWIFT_EMIT_LOC_STRINGS = YES;
				SWIFT_VERSION = 5.0;
			};
			name = Release;
		};
		D51B44D52DC49629000DDA08 /* Debug */ = {
			isa = XCBuildConfiguration;
			buildSettings = {
				BUNDLE_LOADER = "$(TEST_HOST)";
				CODE_SIGN_STYLE = Automatic;
				CURRENT_PROJECT_VERSION = 1;
				DEVELOPMENT_TEAM = NDA8779Z34;
				GENERATE_INFOPLIST_FILE = YES;
				MACOSX_DEPLOYMENT_TARGET = 15.3;
				MARKETING_VERSION = 1.0;
				PRODUCT_BUNDLE_IDENTIFIER = com.abhishek.WhisperTranscribeTests;
				PRODUCT_NAME = "$(TARGET_NAME)";
				SWIFT_EMIT_LOC_STRINGS = NO;
				SWIFT_VERSION = 5.0;
				TEST_HOST = "$(BUILT_PRODUCTS_DIR)/WhisperTranscribe.app/$(BUNDLE_EXECUTABLE_FOLDER_PATH)/WhisperTranscribe";
			};
			name = Debug;
		};
		D51B44D62DC49629000DDA08 /* Release */ = {
			isa = XCBuildConfiguration;
			buildSettings = {
				BUNDLE_LOADER = "$(TEST_HOST)";
				CODE_SIGN_STYLE = Automatic;
				CURRENT_PROJECT_VERSION = 1;
				DEVELOPMENT_TEAM = NDA8779Z34;
				GENERATE_INFOPLIST_FILE = YES;
				MACOSX_DEPLOYMENT_TARGET = 15.3;
				MARKETING_VERSION = 1.0;
				PRODUCT_BUNDLE_IDENTIFIER = com.abhishek.WhisperTranscribeTests;
				PRODUCT_NAME = "$(TARGET_NAME)";
				SWIFT_EMIT_LOC_STRINGS = NO;
				SWIFT_VERSION = 5.0;
				TEST_HOST = "$(BUILT_PRODUCTS_DIR)/WhisperTranscribe.app/$(BUNDLE_EXECUTABLE_FOLDER_PATH)/WhisperTranscribe";
			};
			name = Release;
		};
		D51B44D82DC49629000DDA08 /* Debug */ = {
			isa = XCBuildConfiguration;
			buildSettings = {
				CODE_SIGN_STYLE = Automatic;
				CURRENT_PROJECT_VERSION = 1;
				DEVELOPMENT_TEAM = NDA8779Z34;
				GENERATE_INFOPLIST_FILE = YES;
				MARKETING_VERSION = 1.0;
				PRODUCT_BUNDLE_IDENTIFIER = com.abhishek.WhisperTranscribeUITests;
				PRODUCT_NAME = "$(TARGET_NAME)";
				SWIFT_EMIT_LOC_STRINGS = NO;
				SWIFT_VERSION = 5.0;
				TEST_TARGET_NAME = WhisperTranscribe;
			};
			name = Debug;
		};
		D51B44D92DC49629000DDA08 /* Release */ = {
			isa = XCBuildConfiguration;
			buildSettings = {
				CODE_SIGN_STYLE = Automatic;
				CURRENT_PROJECT_VERSION = 1;
				DEVELOPMENT_TEAM = NDA8779Z34;
				GENERATE_INFOPLIST_FILE = YES;
				MARKETING_VERSION = 1.0;
				PRODUCT_BUNDLE_IDENTIFIER = com.abhishek.WhisperTranscribeUITests;
				PRODUCT_NAME = "$(TARGET_NAME)";
				SWIFT_EMIT_LOC_STRINGS = NO;
				SWIFT_VERSION = 5.0;
				TEST_TARGET_NAME = WhisperTranscribe;
			};
			name = Release;
		};
/* End XCBuildConfiguration section */

/* Begin XCConfigurationList section */
		D51B44AA2DC49627000DDA08 /* Build configuration list for PBXProject "WhisperTranscribe" */ = {
			isa = XCConfigurationList;
			buildConfigurations = (
				D51B44CF2DC49629000DDA08 /* Debug */,
				D51B44D02DC49629000DDA08 /* Release */,
			);
			defaultConfigurationIsVisible = 0;
			defaultConfigurationName = Release;
		};
		D51B44D12DC49629000DDA08 /* Build configuration list for PBXNativeTarget "WhisperTranscribe" */ = {
			isa = XCConfigurationList;
			buildConfigurations = (
				D51B44D22DC49629000DDA08 /* Debug */,
				D51B44D32DC49629000DDA08 /* Release */,
			);
			defaultConfigurationIsVisible = 0;
			defaultConfigurationName = Release;
		};
		D51B44D42DC49629000DDA08 /* Build configuration list for PBXNativeTarget "WhisperTranscribeTests" */ = {
			isa = XCConfigurationList;
			buildConfigurations = (
				D51B44D52DC49629000DDA08 /* Debug */,
				D51B44D62DC49629000DDA08 /* Release */,
			);
			defaultConfigurationIsVisible = 0;
			defaultConfigurationName = Release;
		};
		D51B44D72DC49629000DDA08 /* Build configuration list for PBXNativeTarget "WhisperTranscribeUITests" */ = {
			isa = XCConfigurationList;
			buildConfigurations = (
				D51B44D82DC49629000DDA08 /* Debug */,
				D51B44D92DC49629000DDA08 /* Release */,
			);
			defaultConfigurationIsVisible = 0;
			defaultConfigurationName = Release;
		};
/* End XCConfigurationList section */

/* Begin XCSwiftPackageProductDependency section */
		D51B44E82DC4972F000DDA08 /* whisper */ = {
			isa = XCSwiftPackageProductDependency;
			productName = whisper;
		};
/* End XCSwiftPackageProductDependency section */
	};
	rootObject = D51B44A72DC49627000DDA08 /* Project object */;
}
